
Microsoft Visual Studio Solution File, Format Version 12.00
# Visual Studio Version 16
VisualStudioVersion = 16.0.30114.105
MinimumVisualStudioVersion = 10.0.40219.1
Project("{2150E333-8FDC-42A3-9474-1A3956D46DE8}") = "Libraries", "Libraries", "{2BB9AF3E-860F-44BA-A005-81B08903A170}"
EndProject
Project("{9A19103F-16F7-4668-BE54-9A1E7A4F7556}") = "DevIL.NET", "Libraries\DevIL.Net\DevIL.NET.csproj", "{FC5D0F16-A2E6-48B0-A9BF-B5237331374A}"
EndProject
Project("{9A19103F-16F7-4668-BE54-9A1E7A4F7556}") = "GomLib", "Libraries\GomLib\GomLib.csproj", "{B5CEBFB6-46CD-43FE-B1AC-FD472027FBE7}"
EndProject
Project("{9A19103F-16F7-4668-BE54-9A1E7A4F7556}") = "HashDictionary", "Libraries\HashDictionary\HashDictionary.csproj", "{B16D8A39-B127-41D2-A9CF-5D482F71C982}"
EndProject
Project("{9A19103F-16F7-4668-BE54-9A1E7A4F7556}") = "SlimDX.NET", "Libraries\SlimDX.NET\SlimDX.NET.csproj", "{C0A7A05D-E105-4FAD-AF6D-093BE941094D}"
EndProject
Project("{9A19103F-16F7-4668-BE54-9A1E7A4F7556}") = "TorArchive", "Libraries\TorArchive\TorArchive.csproj", "{D7CF2114-2AE4-49A2-8F74-C06F971B14C1}"
EndProject
Project("{2150E333-8FDC-42A3-9474-1A3956D46DE8}") = "Source", "Source", "{8D0B7F9D-40DA-449F-8594-DC813E364452}"
EndProject
Project("{9A19103F-16F7-4668-BE54-9A1E7A4F7556}") = "ConsoleTools", "Source\ConsoleTools\ConsoleTools.csproj", "{EE719321-5366-44A8-A01F-CC5C40C407D7}"
EndProject
Project("{9A19103F-16F7-4668-BE54-9A1E7A4F7556}") = "PugTools", "Source\PugTools\PugTools.csproj", "{8465A4B8-3850-4F39-96B7-0146213FCCCA}"
EndProject
Project("{2150E333-8FDC-42A3-9474-1A3956D46DE8}") = "Controls", "Controls", "{AED645A2-F157-4390-A447-674E54BC576A}"
EndProject
Project("{9A19103F-16F7-4668-BE54-9A1E7A4F7556}") = "HexBox", "Controls\HexBox\HexBox.csproj", "{1169E2AD-718E-4B99-8F16-455C91B50463}"
EndProject
Project("{9A19103F-16F7-4668-BE54-9A1E7A4F7556}") = "ObjectListView", "Controls\ObjectListView\ObjectListView.csproj", "{EFC4EB5F-C54F-4DC9-9F57-8D724D3C2BF0}"
EndProject
Global
	GlobalSection(SolutionConfigurationPlatforms) = preSolution
		Debug|x64 = Debug|x64
		Release|x64 = Release|x64
	EndGlobalSection
	GlobalSection(ProjectConfigurationPlatforms) = postSolution
		{FC5D0F16-A2E6-48B0-A9BF-B5237331374A}.Debug|x64.ActiveCfg = Debug|x64
		{FC5D0F16-A2E6-48B0-A9BF-B5237331374A}.Debug|x64.Build.0 = Debug|x64
		{FC5D0F16-A2E6-48B0-A9BF-B5237331374A}.Release|x64.ActiveCfg = Release|x64
		{B5CEBFB6-46CD-43FE-B1AC-FD472027FBE7}.Debug|x64.ActiveCfg = Debug|x64
		{B5CEBFB6-46CD-43FE-B1AC-FD472027FBE7}.Debug|x64.Build.0 = Debug|x64
		{B5CEBFB6-46CD-43FE-B1AC-FD472027FBE7}.Release|x64.ActiveCfg = Release|x64
		{B16D8A39-B127-41D2-A9CF-5D482F71C982}.Debug|x64.ActiveCfg = Debug|x64
		{B16D8A39-B127-41D2-A9CF-5D482F71C982}.Debug|x64.Build.0 = Debug|x64
		{B16D8A39-B127-41D2-A9CF-5D482F71C982}.Release|x64.ActiveCfg = Release|x64
		{C0A7A05D-E105-4FAD-AF6D-093BE941094D}.Debug|x64.ActiveCfg = Debug|x64
		{C0A7A05D-E105-4FAD-AF6D-093BE941094D}.Debug|x64.Build.0 = Debug|x64
		{C0A7A05D-E105-4FAD-AF6D-093BE941094D}.Release|x64.ActiveCfg = Release|x64
		{D7CF2114-2AE4-49A2-8F74-C06F971B14C1}.Debug|x64.ActiveCfg = Debug|x64
		{D7CF2114-2AE4-49A2-8F74-C06F971B14C1}.Debug|x64.Build.0 = Debug|x64
		{D7CF2114-2AE4-49A2-8F74-C06F971B14C1}.Release|x64.ActiveCfg = Release|x64
		{EE719321-5366-44A8-A01F-CC5C40C407D7}.Debug|x64.ActiveCfg = Debug|x64
		{EE719321-5366-44A8-A01F-CC5C40C407D7}.Debug|x64.Build.0 = Debug|x64
		{EE719321-5366-44A8-A01F-CC5C40C407D7}.Release|x64.ActiveCfg = Release|x64
		{8465A4B8-3850-4F39-96B7-0146213FCCCA}.Debug|x64.ActiveCfg = Debug|x64
		{8465A4B8-3850-4F39-96B7-0146213FCCCA}.Debug|x64.Build.0 = Debug|x64
		{8465A4B8-3850-4F39-96B7-0146213FCCCA}.Release|x64.ActiveCfg = Release|x64
		{1169E2AD-718E-4B99-8F16-455C91B50463}.Debug|x64.ActiveCfg = Debug|x64
		{1169E2AD-718E-4B99-8F16-455C91B50463}.Debug|x64.Build.0 = Debug|x64
		{1169E2AD-718E-4B99-8F16-455C91B50463}.Release|x64.ActiveCfg = Release|x64
		{1169E2AD-718E-4B99-8F16-455C91B50463}.Release|x64.Build.0 = Release|x64
		{EFC4EB5F-C54F-4DC9-9F57-8D724D3C2BF0}.Debug|x64.ActiveCfg = Debug|x64
		{EFC4EB5F-C54F-4DC9-9F57-8D724D3C2BF0}.Debug|x64.Build.0 = Debug|x64
		{EFC4EB5F-C54F-4DC9-9F57-8D724D3C2BF0}.Release|x64.ActiveCfg = Release|x64
		{EFC4EB5F-C54F-4DC9-9F57-8D724D3C2BF0}.Release|x64.Build.0 = Release|x64
	EndGlobalSection
	GlobalSection(SolutionProperties) = preSolution
		HideSolutionNode = FALSE
	EndGlobalSection
	GlobalSection(NestedProjects) = preSolution
		{FC5D0F16-A2E6-48B0-A9BF-B5237331374A} = {2BB9AF3E-860F-44BA-A005-81B08903A170}
		{B5CEBFB6-46CD-43FE-B1AC-FD472027FBE7} = {2BB9AF3E-860F-44BA-A005-81B08903A170}
		{B16D8A39-B127-41D2-A9CF-5D482F71C982} = {2BB9AF3E-860F-44BA-A005-81B08903A170}
		{C0A7A05D-E105-4FAD-AF6D-093BE941094D} = {2BB9AF3E-860F-44BA-A005-81B08903A170}
		{D7CF2114-2AE4-49A2-8F74-C06F971B14C1} = {2BB9AF3E-860F-44BA-A005-81B08903A170}
		{EE719321-5366-44A8-A01F-CC5C40C407D7} = {8D0B7F9D-40DA-449F-8594-DC813E364452}
		{8465A4B8-3850-4F39-96B7-0146213FCCCA} = {8D0B7F9D-40DA-449F-8594-DC813E364452}
		{1169E2AD-718E-4B99-8F16-455C91B50463} = {AED645A2-F157-4390-A447-674E54BC576A}
		{EFC4EB5F-C54F-4DC9-9F57-8D724D3C2BF0} = {AED645A2-F157-4390-A447-674E54BC576A}
	EndGlobalSection
	GlobalSection(ExtensibilityGlobals) = postSolution
		SolutionGuid = {3F0F095E-A450-4EFC-B9D7-78E8CD55A438}
	EndGlobalSection
EndGlobal
